github.com/asaskevich/govalidator v0.0.0-20190424111038-f61b66f89f4a h1:idn718Q4B6AGu/h5Sxe66HYVdqdGu2l9Iebqhi/AEoA=
github.com/asaskevich/govalidator v0.0.0-20190424111038-f61b66f89f4a/go.mod h1:lB+ZfQJz7igIIfQNfa7Ml4HSf2uFQQRzpGGRXenZAgY=
github.com/go-redis/redis v6.15.6+incompatible h1:H9evprGPLI8+ci7fxQx6WNZHJSb7be8FqJQRhdQZ5Sg=
github.com/go-redis/redis v6.15.6+incompatible/go.mod h1:NAIEuMOZ/fxfXJIrKDQDz8wamY7mA7PouImQ2Jvg6kA=
github.com/micro-plat/gmq v0.0.1 h1:kpVnX4wWpFmBe8XVDIKF02bUmJWJahUHZY9fEmBMWmk=
github.com/micro-plat/gmq v0.0.1/go.mod h1:Giblxda3pfelYat4Pv6TNPHd3JXBv79bDuJUxNu4vtE=
github.com/qxnw/lib4go v0.0.0-20180426074627-c80c7e84b925 h1:JLxaytgtntDGfIEAPR8vqxHXGLC50hMGORD5PHzhK7E=
github.com/qxnw/lib4go v0.0.0-20180426074627-c80c7e84b925/go.mod h1:eba3rqZxZv+h0CFdomVr8hR21kJByLzO5yEhDx2azww=
github.com/yosssi/gmq v0.0.1 h1:GhlDVaAQoi3Mvjul/qJXXGfL4JBeE0GQwbWp3eIsja8=
github.com/yosssi/gmq v0.0.1/go.mod h1:mReykazh0U1JabvuWh1PEbzzJftqOQWsjr0Lwg5jL1Y=
github.com/zkfy/log v0.0.0-20180312054228-b2704c3ef896 h1:nktyhX5ycnu+WA489Ei7SUi00bF+LW8TF2N7se5gQ/o=
github.com/zkfy/log v0.0.0-20180312054228-b2704c3ef896/go.mod h1:Aiq66eXWCthZ9RAkNFSTXdq4WxeH3IFsHO3/3oAwFJs=
github.com/zkfy/stompngo v0.0.0-20170803022748-9378e70ca481 h1:dqbWcJVZJv06ZR7zK8yN9w8oNOHL23eylL4o9Xj9Zn0=
github.com/zkfy/stompngo v0.0.0-20170803022748-9378e70ca481/go.mod h1:YhbMHdfKqDOLUVc2MQoMXRayntbZzMuDnbTZhXWPwZI=
